{
  "name": "Downloads",
  "lockfileVersion": 2,
  "requires": true,
  "packages": {
    "": {
      "dependencies": {
        "lonica": "^1.0.2"
      }
    },
    "node_modules/lonica": {
      "version": "1.0.2",
      "resolved": "https://registry.npmjs.org/lonica/-/lonica-1.0.2.tgz",
      "integrity": "sha512-TYtwNQAVbFPkOMplVRox2H1Q9Z88vAOxxQZSXfHxBZO9ISGvE5PQYHYG9rkh1e9TeFBOp/DrRK2kX2TTGL0jGQ=="
    }
  },
  "dependencies": {
    "lonica": {
      "version": "1.0.2",
      "resolved": "https://registry.npmjs.org/lonica/-/lonica-1.0.2.tgz",
      "integrity": "sha512-TYtwNQAVbFPkOMplVRox2H1Q9Z88vAOxxQZSXfHxBZO9ISGvE5PQYHYG9rkh1e9TeFBOp/DrRK2kX2TTGL0jGQ=="
    }
  }
}
