{
  "name": "phpEmail",
  "lockfileVersion": 3,
  "requires": true,
  "packages": {
    "": {
      "dependencies": {
        "rizalcss-mui": "^1.0.0"
      }
    },
    "node_modules/rizalcss-mui": {
      "version": "1.0.0",
      "resolved": "https://registry.npmjs.org/rizalcss-mui/-/rizalcss-mui-1.0.0.tgz",
      "integrity": "sha512-foRzThOVL5mF8xMWm/Ty7KHDI7nv+XGNm0ybXdEs+er7r0g3RHdNGQlEbHTwRP3U2nntVg+CgaQtYqUntJi8kQ=="
    }
  }
}
