{
  "name": "phpEmail",
  "lockfileVersion": 3,
  "requires": true,
  "packages": {
    "": {
      "dependencies": {
        "cakecss-ui": "^0.0.5"
      }
    },
    "node_modules/cakecss-ui": {
      "version": "0.0.5",
      "resolved": "https://registry.npmjs.org/cakecss-ui/-/cakecss-ui-0.0.5.tgz",
      "integrity": "sha512-iv8CRom3qazre4hGH5iXQDKhpnuHP/Dp6t1F6oXFwS5yfhamVZw9JpqnBlA1vsvDydeummYhQQKCAY5MvLH21g=="
    }
  }
}
